
Microsoft Visual Studio Solution File, Format Version 12.00
# Visual Studio Version 17
VisualStudioVersion = 17.3.32929.385
MinimumVisualStudioVersion = 10.0.40219.1
Project("{FAE04EC0-301F-11D3-BF4B-00C04F79EFBC}") = "MoviesApi", "MoviesApi\MoviesApi.csproj", "{5CAE7D91-32A5-4A86-AA8A-E9E8C19EF9B0}"
EndProject
Global
	GlobalSection(SolutionConfigurationPlatforms) = preSolution
		Debug|Any CPU = Debug|Any CPU
		Release|Any CPU = Release|Any CPU
	EndGlobalSection
	GlobalSection(ProjectConfigurationPlatforms) = postSolution
		{5CAE7D91-32A5-4A86-AA8A-E9E8C19EF9B0}.Debug|Any CPU.ActiveCfg = Debug|Any CPU
		{5CAE7D91-32A5-4A86-AA8A-E9E8C19EF9B0}.Debug|Any CPU.Build.0 = Debug|Any CPU
		{5CAE7D91-32A5-4A86-AA8A-E9E8C19EF9B0}.Release|Any CPU.ActiveCfg = Release|Any CPU
		{5CAE7D91-32A5-4A86-AA8A-E9E8C19EF9B0}.Release|Any CPU.Build.0 = Release|Any CPU
	EndGlobalSection
	GlobalSection(SolutionProperties) = preSolution
		HideSolutionNode = FALSE
	EndGlobalSection
	GlobalSection(ExtensibilityGlobals) = postSolution
		SolutionGuid = {9355AC48-7F16-4BA6-9BAD-0A2FAF4C3895}
	EndGlobalSection
EndGlobal
